# THIS IS AN AUTOGENERATED FILE. DO NOT EDIT THIS FILE DIRECTLY.
# yarn lockfile v1


wabt@^1.0.34:
  version "1.0.39"
  resolved "https://registry.npmmirror.com/wabt/-/wabt-1.0.39.tgz#dc143035fce69716753255757c1981a4652be7a8"
  integrity sha512-ba+dRL/75VQQY7RkU/CgriGbkoWAfS8TDyUlJfJhJ8KhtXgMl5dhNvoPNUcQ9IWRhW8u41glMSuZeTvsYq2rRg==
